{
  "name": "acme-payments-api-demo",
  "version": "0.1.0",
  "lockfileVersion": 3,
  "requires": true,
  "packages": {
    "": {
      "name": "acme-payments-api-demo",
      "version": "0.1.0",
      "dependencies": {
        "http-helper": "file:packages/http-helper"
      }
    },
    "packages/http-helper": {
      "name": "http-helper",
      "version": "1.0.0"
    },
    "node_modules/http-helper": {
      "resolved": "packages/http-helper",
      "link": true
    }
  }
}
